// !$*UTF8*$!
{
	archiveVersion = 1;
	classes = {
	};
	objectVersion = 46;
	objects = {

/* Begin PBXBuildFile section */
		377FB9D31D5CEC9100C5742C /* Settings.bundle in Resources */ = {isa = PBXBuildFile; fileRef = 377FB9D21D5CEC9100C5742C /* Settings.bundle */; };
		37B4FF821D5B84D400595984 /* WPSAlertController.m in Sources */ = {isa = PBXBuildFile; fileRef = 37B4FF811D5B84D400595984 /* WPSAlertController.m */; };
		A601B6AF1AF94E9100807A4C /* AppManager.m in Sources */ = {isa = PBXBuildFile; fileRef = A601B6AE1AF94E9100807A4C /* AppManager.m */; };
		A601B6B41AFA231A00807A4C /* Reachability.m in Sources */ = {isa = PBXBuildFile; fileRef = A601B6B31AFA231A00807A4C /* Reachability.m */; };
		A601B6B71AFA27A300807A4C /* StatusMessages.m in Sources */ = {isa = PBXBuildFile; fileRef = A601B6B61AFA27A300807A4C /* StatusMessages.m */; };
		A60DC7841ADC2D0700E4E395 /* privacy.html in Resources */ = {isa = PBXBuildFile; fileRef = A60DC7811ADC2D0700E4E395 /* privacy.html */; };
		A60DC7851ADC2D0700E4E395 /* help.html in Resources */ = {isa = PBXBuildFile; fileRef = A60DC7821ADC2D0700E4E395 /* help.html */; };
		A60DC7861ADC2D0700E4E395 /* about-us.html in Resources */ = {isa = PBXBuildFile; fileRef = A60DC7831ADC2D0700E4E395 /* about-us.html */; };
		A60DC78C1ADC321300E4E395 /* privacy-icon.png in Resources */ = {isa = PBXBuildFile; fileRef = A60DC7891ADC321300E4E395 /* privacy-icon.png */; };
		A60DC78D1ADC321300E4E395 /* about-us-icon.png in Resources */ = {isa = PBXBuildFile; fileRef = A60DC78A1ADC321300E4E395 /* about-us-icon.png */; };
		A60DC78E1ADC321300E4E395 /* help-icon.png in Resources */ = {isa = PBXBuildFile; fileRef = A60DC78B1ADC321300E4E395 /* help-icon.png */; };
		A60DC7901ADC342200E4E395 /* AboutUsViewController.m in Sources */ = {isa = PBXBuildFile; fileRef = A60DC78F1ADC342200E4E395 /* AboutUsViewController.m */; };
		A60DC7941ADC352E00E4E395 /* HelpViewController.m in Sources */ = {isa = PBXBuildFile; fileRef = A60DC7931ADC352E00E4E395 /* HelpViewController.m */; };
		A64FC8721ACF2823002AE683 /* LocatorViewController.m in Sources */ = {isa = PBXBuildFile; fileRef = A64FC8711ACF2823002AE683 /* LocatorViewController.m */; };
		A68232DB1AD5B18300E16249 /* LifeguardService.m in Sources */ = {isa = PBXBuildFile; fileRef = A68232DA1AD5B18300E16249 /* LifeguardService.m */; };
		A691DB761AD5754000FE93B9 /* PrivacyInfoViewController.m in Sources */ = {isa = PBXBuildFile; fileRef = A691DB751AD5754000FE93B9 /* PrivacyInfoViewController.m */; };
		A6DE6C061ACDE03300FAADCE /* main.m in Sources */ = {isa = PBXBuildFile; fileRef = A6DE6C051ACDE03300FAADCE /* main.m */; };
		A6DE6C091ACDE03300FAADCE /* AppDelegate.m in Sources */ = {isa = PBXBuildFile; fileRef = A6DE6C081ACDE03300FAADCE /* AppDelegate.m */; };
		A6DE6C0F1ACDE03300FAADCE /* Main.storyboard in Resources */ = {isa = PBXBuildFile; fileRef = A6DE6C0D1ACDE03300FAADCE /* Main.storyboard */; };
		A6DE6C111ACDE03300FAADCE /* Images.xcassets in Resources */ = {isa = PBXBuildFile; fileRef = A6DE6C101ACDE03300FAADCE /* Images.xcassets */; };
		A6DE6C2A1ACDFBA800FAADCE /* CdcLocator.m in Sources */ = {isa = PBXBuildFile; fileRef = A6DE6C291ACDFBA800FAADCE /* CdcLocator.m */; };
		A6FD54A61ACEEED6001634A8 /* LocationUpdateTimer.m in Sources */ = {isa = PBXBuildFile; fileRef = A6FD54A51ACEEED6001634A8 /* LocationUpdateTimer.m */; };
/* End PBXBuildFile section */

/* Begin PBXFileReference section */
		377FB9D21D5CEC9100C5742C /* Settings.bundle */ = {isa = PBXFileReference; lastKnownFileType = "wrapper.plug-in"; path = Settings.bundle; sourceTree = "<group>"; };
		37B4FF811D5B84D400595984 /* WPSAlertController.m */ = {isa = PBXFileReference; fileEncoding = 4; lastKnownFileType = sourcecode.c.objc; path = WPSAlertController.m; sourceTree = "<group>"; };
		37B4FF831D5B850B00595984 /* WPSAlertController.h */ = {isa = PBXFileReference; lastKnownFileType = sourcecode.c.h; path = WPSAlertController.h; sourceTree = "<group>"; };
		37B4FF8A1D5BAA2E00595984 /* LifeguardTests.m */ = {isa = PBXFileReference; lastKnownFileType = sourcecode.c.objc; path = LifeguardTests.m; sourceTree = "<group>"; };
		37B4FF8C1D5BAA2E00595984 /* Info.plist */ = {isa = PBXFileReference; lastKnownFileType = text.plist.xml; path = Info.plist; sourceTree = "<group>"; };
		A601B6AD1AF94E9100807A4C /* AppManager.h */ = {isa = PBXFileReference; fileEncoding = 4; lastKnownFileType = sourcecode.c.h; path = AppManager.h; sourceTree = "<group>"; };
		A601B6AE1AF94E9100807A4C /* AppManager.m */ = {isa = PBXFileReference; fileEncoding = 4; lastKnownFileType = sourcecode.c.objc; path = AppManager.m; sourceTree = "<group>"; };
		A601B6B21AFA231A00807A4C /* Reachability.h */ = {isa = PBXFileReference; fileEncoding = 4; lastKnownFileType = sourcecode.c.h; path = Reachability.h; sourceTree = "<group>"; };
		A601B6B31AFA231A00807A4C /* Reachability.m */ = {isa = PBXFileReference; fileEncoding = 4; lastKnownFileType = sourcecode.c.objc; path = Reachability.m; sourceTree = "<group>"; };
		A601B6B51AFA27A300807A4C /* StatusMessages.h */ = {isa = PBXFileReference; fileEncoding = 4; lastKnownFileType = sourcecode.c.h; path = StatusMessages.h; sourceTree = "<group>"; };
		A601B6B61AFA27A300807A4C /* StatusMessages.m */ = {isa = PBXFileReference; fileEncoding = 4; lastKnownFileType = sourcecode.c.objc; path = StatusMessages.m; sourceTree = "<group>"; };
		A60DC7811ADC2D0700E4E395 /* privacy.html */ = {isa = PBXFileReference; fileEncoding = 4; lastKnownFileType = text.html; path = privacy.html; sourceTree = "<group>"; };
		A60DC7821ADC2D0700E4E395 /* help.html */ = {isa = PBXFileReference; fileEncoding = 4; lastKnownFileType = text.html; path = help.html; sourceTree = "<group>"; };
		A60DC7831ADC2D0700E4E395 /* about-us.html */ = {isa = PBXFileReference; fileEncoding = 4; lastKnownFileType = text.html; path = "about-us.html"; sourceTree = "<group>"; };
		A60DC7891ADC321300E4E395 /* privacy-icon.png */ = {isa = PBXFileReference; lastKnownFileType = image.png; path = "privacy-icon.png"; sourceTree = "<group>"; };
		A60DC78A1ADC321300E4E395 /* about-us-icon.png */ = {isa = PBXFileReference; lastKnownFileType = image.png; path = "about-us-icon.png"; sourceTree = "<group>"; };
		A60DC78B1ADC321300E4E395 /* help-icon.png */ = {isa = PBXFileReference; lastKnownFileType = image.png; path = "help-icon.png"; sourceTree = "<group>"; };
		A60DC78F1ADC342200E4E395 /* AboutUsViewController.m */ = {isa = PBXFileReference; fileEncoding = 4; lastKnownFileType = sourcecode.c.objc; path = AboutUsViewController.m; sourceTree = "<group>"; };
		A60DC7911ADC349F00E4E395 /* AboutUsViewController.h */ = {isa = PBXFileReference; lastKnownFileType = sourcecode.c.h; path = AboutUsViewController.h; sourceTree = "<group>"; };
		A60DC7921ADC352E00E4E395 /* HelpViewController.h */ = {isa = PBXFileReference; fileEncoding = 4; lastKnownFileType = sourcecode.c.h; path = HelpViewController.h; sourceTree = "<group>"; };
		A60DC7931ADC352E00E4E395 /* HelpViewController.m */ = {isa = PBXFileReference; fileEncoding = 4; lastKnownFileType = sourcecode.c.objc; path = HelpViewController.m; sourceTree = "<group>"; };
		A64FC8701ACF2823002AE683 /* LocatorViewController.h */ = {isa = PBXFileReference; fileEncoding = 4; lastKnownFileType = sourcecode.c.h; path = LocatorViewController.h; sourceTree = "<group>"; };
		A64FC8711ACF2823002AE683 /* LocatorViewController.m */ = {isa = PBXFileReference; fileEncoding = 4; lastKnownFileType = sourcecode.c.objc; path = LocatorViewController.m; sourceTree = "<group>"; };
		A68232DA1AD5B18300E16249 /* LifeguardService.m */ = {isa = PBXFileReference; fileEncoding = 4; lastKnownFileType = sourcecode.c.objc; path = LifeguardService.m; sourceTree = "<group>"; };
		A68232DC1AD5B25800E16249 /* LifeguardService.h */ = {isa = PBXFileReference; lastKnownFileType = sourcecode.c.h; path = LifeguardService.h; sourceTree = "<group>"; };
		A691DB741AD5754000FE93B9 /* PrivacyInfoViewController.h */ = {isa = PBXFileReference; fileEncoding = 4; lastKnownFileType = sourcecode.c.h; path = PrivacyInfoViewController.h; sourceTree = "<group>"; };
		A691DB751AD5754000FE93B9 /* PrivacyInfoViewController.m */ = {isa = PBXFileReference; fileEncoding = 4; lastKnownFileType = sourcecode.c.objc; path = PrivacyInfoViewController.m; sourceTree = "<group>"; };
		A6DE6C001ACDE03300FAADCE /* Lifeguard.app */ = {isa = PBXFileReference; explicitFileType = wrapper.application; includeInIndex = 0; path = Lifeguard.app; sourceTree = BUILT_PRODUCTS_DIR; };
		A6DE6C041ACDE03300FAADCE /* Info.plist */ = {isa = PBXFileReference; lastKnownFileType = text.plist.xml; path = Info.plist; sourceTree = "<group>"; };
		A6DE6C051ACDE03300FAADCE /* main.m */ = {isa = PBXFileReference; lastKnownFileType = sourcecode.c.objc; path = main.m; sourceTree = "<group>"; };
		A6DE6C071ACDE03300FAADCE /* AppDelegate.h */ = {isa = PBXFileReference; lastKnownFileType = sourcecode.c.h; path = AppDelegate.h; sourceTree = "<group>"; };
		A6DE6C081ACDE03300FAADCE /* AppDelegate.m */ = {isa = PBXFileReference; lastKnownFileType = sourcecode.c.objc; path = AppDelegate.m; sourceTree = "<group>"; };
		A6DE6C0E1ACDE03300FAADCE /* Base */ = {isa = PBXFileReference; lastKnownFileType = file.storyboard; name = Base; path = Base.lproj/Main.storyboard; sourceTree = "<group>"; };
		A6DE6C101ACDE03300FAADCE /* Images.xcassets */ = {isa = PBXFileReference; lastKnownFileType = folder.assetcatalog; path = Images.xcassets; sourceTree = "<group>"; };
		A6DE6C1E1ACDE03300FAADCE /* Info.plist */ = {isa = PBXFileReference; lastKnownFileType = text.plist.xml; path = Info.plist; sourceTree = "<group>"; };
		A6DE6C1F1ACDE03300FAADCE /* LifeguardTests.m */ = {isa = PBXFileReference; lastKnownFileType = sourcecode.c.objc; path = LifeguardTests.m; sourceTree = "<group>"; };
		A6DE6C291ACDFBA800FAADCE /* CdcLocator.m */ = {isa = PBXFileReference; fileEncoding = 4; lastKnownFileType = sourcecode.c.objc; path = CdcLocator.m; sourceTree = "<group>"; };
		A6DE6C2B1ACDFC2800FAADCE /* CdcLocator.h */ = {isa = PBXFileReference; lastKnownFileType = sourcecode.c.h; path = CdcLocator.h; sourceTree = "<group>"; };
		A6FD54A51ACEEED6001634A8 /* LocationUpdateTimer.m */ = {isa = PBXFileReference; fileEncoding = 4; lastKnownFileType = sourcecode.c.objc; name = LocationUpdateTimer.m; path = ../../lifeguard/LifeGuard/LocationUpdateTimer.m; sourceTree = "<group>"; };
		A6FD54A71ACEEF92001634A8 /* LocationUpdateTimer.h */ = {isa = PBXFileReference; lastKnownFileType = sourcecode.c.h; name = LocationUpdateTimer.h; path = ../../lifeguard/LifeGuard/LocationUpdateTimer.h; sourceTree = "<group>"; };
/* End PBXFileReference section */

/* Begin PBXFrameworksBuildPhase section */
		A6DE6BFD1ACDE03300FAADCE /* Frameworks */ = {
			isa = PBXFrameworksBuildPhase;
			buildActionMask = 2147483647;
			files = (
			);
			runOnlyForDeploymentPostprocessing = 0;
		};
/* End PBXFrameworksBuildPhase section */

/* Begin PBXGroup section */
		37B4FF891D5BAA2E00595984 /* LifeguardTests */ = {
			isa = PBXGroup;
			children = (
				37B4FF8A1D5BAA2E00595984 /* LifeguardTests.m */,
				37B4FF8C1D5BAA2E00595984 /* Info.plist */,
			);
			path = LifeguardTests;
			sourceTree = "<group>";
		};
		A6DE6BF71ACDE03300FAADCE = {
			isa = PBXGroup;
			children = (
				377FB9D21D5CEC9100C5742C /* Settings.bundle */,
				A6DE6C021ACDE03300FAADCE /* Lifeguard */,
				A6DE6C1C1ACDE03300FAADCE /* LifeguardTests */,
				37B4FF891D5BAA2E00595984 /* LifeguardTests */,
				A6DE6C011ACDE03300FAADCE /* Products */,
			);
			sourceTree = "<group>";
		};
		A6DE6C011ACDE03300FAADCE /* Products */ = {
			isa = PBXGroup;
			children = (
				A6DE6C001ACDE03300FAADCE /* Lifeguard.app */,
			);
			name = Products;
			sourceTree = "<group>";
		};
		A6DE6C021ACDE03300FAADCE /* Lifeguard */ = {
			isa = PBXGroup;
			children = (
				A60DC78A1ADC321300E4E395 /* about-us-icon.png */,
				A60DC7831ADC2D0700E4E395 /* about-us.html */,
				A60DC7911ADC349F00E4E395 /* AboutUsViewController.h */,
				A60DC78F1ADC342200E4E395 /* AboutUsViewController.m */,
				A6DE6C071ACDE03300FAADCE /* AppDelegate.h */,
				A6DE6C081ACDE03300FAADCE /* AppDelegate.m */,
				A601B6AD1AF94E9100807A4C /* AppManager.h */,
				A601B6AE1AF94E9100807A4C /* AppManager.m */,
				A6DE6C2B1ACDFC2800FAADCE /* CdcLocator.h */,
				A6DE6C291ACDFBA800FAADCE /* CdcLocator.m */,
				A60DC78B1ADC321300E4E395 /* help-icon.png */,
				A60DC7821ADC2D0700E4E395 /* help.html */,
				A60DC7921ADC352E00E4E395 /* HelpViewController.h */,
				A60DC7931ADC352E00E4E395 /* HelpViewController.m */,
				A6DE6C101ACDE03300FAADCE /* Images.xcassets */,
				A68232DC1AD5B25800E16249 /* LifeguardService.h */,
				A68232DA1AD5B18300E16249 /* LifeguardService.m */,
				A6FD54A71ACEEF92001634A8 /* LocationUpdateTimer.h */,
				A6FD54A51ACEEED6001634A8 /* LocationUpdateTimer.m */,
				A64FC8701ACF2823002AE683 /* LocatorViewController.h */,
				A64FC8711ACF2823002AE683 /* LocatorViewController.m */,
				A6DE6C0D1ACDE03300FAADCE /* Main.storyboard */,
				A60DC7891ADC321300E4E395 /* privacy-icon.png */,
				A60DC7811ADC2D0700E4E395 /* privacy.html */,
				A691DB741AD5754000FE93B9 /* PrivacyInfoViewController.h */,
				A691DB751AD5754000FE93B9 /* PrivacyInfoViewController.m */,
				A601B6B21AFA231A00807A4C /* Reachability.h */,
				A601B6B31AFA231A00807A4C /* Reachability.m */,
				A601B6B51AFA27A300807A4C /* StatusMessages.h */,
				A601B6B61AFA27A300807A4C /* StatusMessages.m */,
				A6DE6C031ACDE03300FAADCE /* Supporting Files */,
				37B4FF811D5B84D400595984 /* WPSAlertController.m */,
				37B4FF831D5B850B00595984 /* WPSAlertController.h */,
			);
			name = Lifeguard;
			path = LifeGuard;
			sourceTree = "<group>";
		};
		A6DE6C031ACDE03300FAADCE /* Supporting Files */ = {
			isa = PBXGroup;
			children = (
				A6DE6C041ACDE03300FAADCE /* Info.plist */,
				A6DE6C051ACDE03300FAADCE /* main.m */,
			);
			name = "Supporting Files";
			sourceTree = "<group>";
		};
		A6DE6C1C1ACDE03300FAADCE /* LifeguardTests */ = {
			isa = PBXGroup;
			children = (
				A6DE6C1F1ACDE03300FAADCE /* LifeguardTests.m */,
				A6DE6C1D1ACDE03300FAADCE /* Supporting Files */,
			);
			name = LifeguardTests;
			path = LifeGuardTests;
			sourceTree = "<group>";
		};
		A6DE6C1D1ACDE03300FAADCE /* Supporting Files */ = {
			isa = PBXGroup;
			children = (
				A6DE6C1E1ACDE03300FAADCE /* Info.plist */,
			);
			name = "Supporting Files";
			sourceTree = "<group>";
		};
/* End PBXGroup section */

/* Begin PBXNativeTarget section */
		A6DE6BFF1ACDE03300FAADCE /* Lifeguard */ = {
			isa = PBXNativeTarget;
			buildConfigurationList = A6DE6C231ACDE03300FAADCE /* Build configuration list for PBXNativeTarget "Lifeguard" */;
			buildPhases = (
				A6DE6BFC1ACDE03300FAADCE /* Sources */,
				A6DE6BFD1ACDE03300FAADCE /* Frameworks */,
				A6DE6BFE1ACDE03300FAADCE /* Resources */,
			);
			buildRules = (
			);
			dependencies = (
			);
			name = Lifeguard;
			productName = LifeGuard;
			productReference = A6DE6C001ACDE03300FAADCE /* Lifeguard.app */;
			productType = "com.apple.product-type.application";
		};
/* End PBXNativeTarget section */

/* Begin PBXProject section */
		A6DE6BF81ACDE03300FAADCE /* Project object */ = {
			isa = PBXProject;
			attributes = {
				LastUpgradeCheck = 0810;
				ORGANIZATIONNAME = CDC;
				TargetAttributes = {
					A6DE6BFF1ACDE03300FAADCE = {
						CreatedOnToolsVersion = 6.2;
						DevelopmentTeam = Z827RBGAJC;
						ProvisioningStyle = Automatic;
						SystemCapabilities = {
							com.apple.BackgroundModes = {
								enabled = 1;
							};
						};
					};
				};
			};
			buildConfigurationList = A6DE6BFB1ACDE03300FAADCE /* Build configuration list for PBXProject "Lifeguard" */;
			compatibilityVersion = "Xcode 3.2";
			developmentRegion = English;
			hasScannedForEncodings = 0;
			knownRegions = (
				en,
				Base,
			);
			mainGroup = A6DE6BF71ACDE03300FAADCE;
			productRefGroup = A6DE6C011ACDE03300FAADCE /* Products */;
			projectDirPath = "";
			projectRoot = "";
			targets = (
				A6DE6BFF1ACDE03300FAADCE /* Lifeguard */,
			);
		};
/* End PBXProject section */

/* Begin PBXResourcesBuildPhase section */
		A6DE6BFE1ACDE03300FAADCE /* Resources */ = {
			isa = PBXResourcesBuildPhase;
			buildActionMask = 2147483647;
			files = (
				A6DE6C0F1ACDE03300FAADCE /* Main.storyboard in Resources */,
				A60DC7861ADC2D0700E4E395 /* about-us.html in Resources */,
				A60DC7851ADC2D0700E4E395 /* help.html in Resources */,
				A60DC78D1ADC321300E4E395 /* about-us-icon.png in Resources */,
				A60DC78C1ADC321300E4E395 /* privacy-icon.png in Resources */,
				A60DC7841ADC2D0700E4E395 /* privacy.html in Resources */,
				A6DE6C111ACDE03300FAADCE /* Images.xcassets in Resources */,
				377FB9D31D5CEC9100C5742C /* Settings.bundle in Resources */,
				A60DC78E1ADC321300E4E395 /* help-icon.png in Resources */,
			);
			runOnlyForDeploymentPostprocessing = 0;
		};
/* End PBXResourcesBuildPhase section */

/* Begin PBXSourcesBuildPhase section */
		A6DE6BFC1ACDE03300FAADCE /* Sources */ = {
			isa = PBXSourcesBuildPhase;
			buildActionMask = 2147483647;
			files = (
				A68232DB1AD5B18300E16249 /* LifeguardService.m in Sources */,
				A6FD54A61ACEEED6001634A8 /* LocationUpdateTimer.m in Sources */,
				A691DB761AD5754000FE93B9 /* PrivacyInfoViewController.m in Sources */,
				A6DE6C091ACDE03300FAADCE /* AppDelegate.m in Sources */,
				37B4FF821D5B84D400595984 /* WPSAlertController.m in Sources */,
				A60DC7941ADC352E00E4E395 /* HelpViewController.m in Sources */,
				A601B6B71AFA27A300807A4C /* StatusMessages.m in Sources */,
				A64FC8721ACF2823002AE683 /* LocatorViewController.m in Sources */,
				A6DE6C2A1ACDFBA800FAADCE /* CdcLocator.m in Sources */,
				A601B6AF1AF94E9100807A4C /* AppManager.m in Sources */,
				A6DE6C061ACDE03300FAADCE /* main.m in Sources */,
				A601B6B41AFA231A00807A4C /* Reachability.m in Sources */,
				A60DC7901ADC342200E4E395 /* AboutUsViewController.m in Sources */,
			);
			runOnlyForDeploymentPostprocessing = 0;
		};
/* End PBXSourcesBuildPhase section */

/* Begin PBXVariantGroup section */
		A6DE6C0D1ACDE03300FAADCE /* Main.storyboard */ = {
			isa = PBXVariantGroup;
			children = (
				A6DE6C0E1ACDE03300FAADCE /* Base */,
			);
			name = Main.storyboard;
			sourceTree = "<group>";
		};
/* End PBXVariantGroup section */

/* Begin XCBuildConfiguration section */
		A6DE6C211ACDE03300FAADCE /* Debug */ = {
			isa = XCBuildConfiguration;
			buildSettings = {
				ALWAYS_SEARCH_USER_PATHS = NO;
				CLANG_CXX_LANGUAGE_STANDARD = "gnu++0x";
				CLANG_CXX_LIBRARY = "libc++";
				CLANG_ENABLE_MODULES = YES;
				CLANG_ENABLE_OBJC_ARC = YES;
				CLANG_WARN_BOOL_CONVERSION = YES;
				CLANG_WARN_CONSTANT_CONVERSION = YES;
				CLANG_WARN_DIRECT_OBJC_ISA_USAGE = YES_ERROR;
				CLANG_WARN_EMPTY_BODY = YES;
				CLANG_WARN_ENUM_CONVERSION = YES;
				CLANG_WARN_INFINITE_RECURSION = YES;
				CLANG_WARN_INT_CONVERSION = YES;
				CLANG_WARN_OBJC_ROOT_CLASS = YES_ERROR;
				CLANG_WARN_SUSPICIOUS_MOVE = YES;
				CLANG_WARN_UNREACHABLE_CODE = YES;
				CLANG_WARN__DUPLICATE_METHOD_MATCH = YES;
				CODE_SIGN_IDENTITY = "iPhone Developer";
				COPY_PHASE_STRIP = NO;
				ENABLE_STRICT_OBJC_MSGSEND = YES;
				ENABLE_TESTABILITY = YES;
				GCC_C_LANGUAGE_STANDARD = gnu99;
				GCC_DYNAMIC_NO_PIC = NO;
				GCC_NO_COMMON_BLOCKS = YES;
				GCC_OPTIMIZATION_LEVEL = 0;
				GCC_PREPROCESSOR_DEFINITIONS = (
					"DEBUG=1",
					"$(inherited)",
				);
				GCC_SYMBOLS_PRIVATE_EXTERN = NO;
				GCC_WARN_64_TO_32_BIT_CONVERSION = YES;
				GCC_WARN_ABOUT_RETURN_TYPE = YES_ERROR;
				GCC_WARN_UNDECLARED_SELECTOR = YES;
				GCC_WARN_UNINITIALIZED_AUTOS = YES_AGGRESSIVE;
				GCC_WARN_UNUSED_FUNCTION = YES;
				GCC_WARN_UNUSED_VARIABLE = YES;
				IPHONEOS_DEPLOYMENT_TARGET = 9.0;
				MTL_ENABLE_DEBUG_INFO = YES;
				ONLY_ACTIVE_ARCH = YES;
				SDKROOT = iphoneos;
			};
			name = Debug;
		};
		A6DE6C221ACDE03300FAADCE /* Release */ = {
			isa = XCBuildConfiguration;
			buildSettings = {
				ALWAYS_SEARCH_USER_PATHS = NO;
				CLANG_CXX_LANGUAGE_STANDARD = "gnu++0x";
				CLANG_CXX_LIBRARY = "libc++";
				CLANG_ENABLE_MODULES = YES;
				CLANG_ENABLE_OBJC_ARC = YES;
				CLANG_WARN_BOOL_CONVERSION = YES;
				CLANG_WARN_CONSTANT_CONVERSION = YES;
				CLANG_WARN_DIRECT_OBJC_ISA_USAGE = YES_ERROR;
				CLANG_WARN_EMPTY_BODY = YES;
				CLANG_WARN_ENUM_CONVERSION = YES;
				CLANG_WARN_INFINITE_RECURSION = YES;
				CLANG_WARN_INT_CONVERSION = YES;
				CLANG_WARN_OBJC_ROOT_CLASS = YES_ERROR;
				CLANG_WARN_SUSPICIOUS_MOVE = YES;
				CLANG_WARN_UNREACHABLE_CODE = YES;
				CLANG_WARN__DUPLICATE_METHOD_MATCH = YES;
				CODE_SIGN_IDENTITY = "iPhone Distribution: Centers for Disease Control";
				COPY_PHASE_STRIP = NO;
				ENABLE_NS_ASSERTIONS = NO;
				ENABLE_STRICT_OBJC_MSGSEND = YES;
				GCC_C_LANGUAGE_STANDARD = gnu99;
				GCC_NO_COMMON_BLOCKS = YES;
				GCC_WARN_64_TO_32_BIT_CONVERSION = YES;
				GCC_WARN_ABOUT_RETURN_TYPE = YES_ERROR;
				GCC_WARN_UNDECLARED_SELECTOR = YES;
				GCC_WARN_UNINITIALIZED_AUTOS = YES_AGGRESSIVE;
				GCC_WARN_UNUSED_FUNCTION = YES;
				GCC_WARN_UNUSED_VARIABLE = YES;
				IPHONEOS_DEPLOYMENT_TARGET = 9.0;
				MTL_ENABLE_DEBUG_INFO = NO;
				SDKROOT = iphoneos;
				VALIDATE_PRODUCT = YES;
			};
			name = Release;
		};
		A6DE6C241ACDE03300FAADCE /* Debug */ = {
			isa = XCBuildConfiguration;
			buildSettings = {
				ASSETCATALOG_COMPILER_APPICON_NAME = AppIcon;
				ASSETCATALOG_COMPILER_LAUNCHIMAGE_NAME = LaunchImage;
				CODE_SIGN_IDENTITY = "iPhone Developer";
				"CODE_SIGN_IDENTITY[sdk=iphoneos*]" = "iPhone Developer";
				DEVELOPMENT_TEAM = "";
				GCC_NO_COMMON_BLOCKS = NO;
				INFOPLIST_FILE = Lifeguard/Info.plist;
				IPHONEOS_DEPLOYMENT_TARGET = 9.0;
				LD_RUNPATH_SEARCH_PATHS = "$(inherited) @executable_path/Frameworks";
				PRODUCT_BUNDLE_IDENTIFIER = gov.cdc.lifeguard;
				PRODUCT_NAME = Lifeguard;
				PROVISIONING_PROFILE = "";
				PROVISIONING_PROFILE_SPECIFIER = "";
				TARGETED_DEVICE_FAMILY = 1;
			};
			name = Debug;
		};
		A6DE6C251ACDE03300FAADCE /* Release */ = {
			isa = XCBuildConfiguration;
			buildSettings = {
				ASSETCATALOG_COMPILER_APPICON_NAME = AppIcon;
				ASSETCATALOG_COMPILER_LAUNCHIMAGE_NAME = LaunchImage;
				CODE_SIGN_IDENTITY = "iPhone Distribution: Centers for Disease Control";
				"CODE_SIGN_IDENTITY[sdk=iphoneos*]" = "iPhone Developer";
				GCC_NO_COMMON_BLOCKS = NO;
				INFOPLIST_FILE = Lifeguard/Info.plist;
				IPHONEOS_DEPLOYMENT_TARGET = 9.0;
				LD_RUNPATH_SEARCH_PATHS = "$(inherited) @executable_path/Frameworks";
				PRODUCT_BUNDLE_IDENTIFIER = gov.cdc.lifeguard;
				PRODUCT_NAME = Lifeguard;
				PROVISIONING_PROFILE = "";
				TARGETED_DEVICE_FAMILY = 1;
			};
			name = Release;
		};
/* End XCBuildConfiguration section */

/* Begin XCConfigurationList section */
		A6DE6BFB1ACDE03300FAADCE /* Build configuration list for PBXProject "Lifeguard" */ = {
			isa = XCConfigurationList;
			buildConfigurations = (
				A6DE6C211ACDE03300FAADCE /* Debug */,
				A6DE6C221ACDE03300FAADCE /* Release */,
			);
			defaultConfigurationIsVisible = 0;
			defaultConfigurationName = Release;
		};
		A6DE6C231ACDE03300FAADCE /* Build configuration list for PBXNativeTarget "Lifeguard" */ = {
			isa = XCConfigurationList;
			buildConfigurations = (
				A6DE6C241ACDE03300FAADCE /* Debug */,
				A6DE6C251ACDE03300FAADCE /* Release */,
			);
			defaultConfigurationIsVisible = 0;
			defaultConfigurationName = Release;
		};
/* End XCConfigurationList section */
	};
	rootObject = A6DE6BF81ACDE03300FAADCE /* Project object */;
}
